
Microsoft Visual Studio Solution File, Format Version 12.00
# Visual Studio Version 17
VisualStudioVersion = 17.14.36310.24 d17.14
MinimumVisualStudioVersion = 10.0.40219.1
Project("{FAE04EC0-301F-11D3-BF4B-00C04F79EFBC}") = "exceptiondivby0", "exceptiondivby0\exceptiondivby0.csproj", "{39FD5BF7-AD39-4C69-9D6C-647C061ADD8E}"
EndProject
Global
	GlobalSection(SolutionConfigurationPlatforms) = preSolution
		Debug|Any CPU = Debug|Any CPU
		Release|Any CPU = Release|Any CPU
	EndGlobalSection
	GlobalSection(ProjectConfigurationPlatforms) = postSolution
		{39FD5BF7-AD39-4C69-9D6C-647C061ADD8E}.Debug|Any CPU.ActiveCfg = Debug|Any CPU
		{39FD5BF7-AD39-4C69-9D6C-647C061ADD8E}.Debug|Any CPU.Build.0 = Debug|Any CPU
		{39FD5BF7-AD39-4C69-9D6C-647C061ADD8E}.Release|Any CPU.ActiveCfg = Release|Any CPU
		{39FD5BF7-AD39-4C69-9D6C-647C061ADD8E}.Release|Any CPU.Build.0 = Release|Any CPU
	EndGlobalSection
	GlobalSection(SolutionProperties) = preSolution
		HideSolutionNode = FALSE
	EndGlobalSection
	GlobalSection(ExtensibilityGlobals) = postSolution
		SolutionGuid = {A28BDE74-3D45-4B5F-9005-A75C53AA6565}
	EndGlobalSection
EndGlobal
