
Microsoft Visual Studio Solution File, Format Version 12.00
# Visual Studio Version 17
VisualStudioVersion = 17.14.36310.24 d17.14
MinimumVisualStudioVersion = 10.0.40219.1
Project("{FAE04EC0-301F-11D3-BF4B-00C04F79EFBC}") = "interface", "interface\interface.csproj", "{41AE4B08-3128-4C6E-88D3-A92446119192}"
EndProject
Global
	GlobalSection(SolutionConfigurationPlatforms) = preSolution
		Debug|Any CPU = Debug|Any CPU
		Release|Any CPU = Release|Any CPU
	EndGlobalSection
	GlobalSection(ProjectConfigurationPlatforms) = postSolution
		{41AE4B08-3128-4C6E-88D3-A92446119192}.Debug|Any CPU.ActiveCfg = Debug|Any CPU
		{41AE4B08-3128-4C6E-88D3-A92446119192}.Debug|Any CPU.Build.0 = Debug|Any CPU
		{41AE4B08-3128-4C6E-88D3-A92446119192}.Release|Any CPU.ActiveCfg = Release|Any CPU
		{41AE4B08-3128-4C6E-88D3-A92446119192}.Release|Any CPU.Build.0 = Release|Any CPU
	EndGlobalSection
	GlobalSection(SolutionProperties) = preSolution
		HideSolutionNode = FALSE
	EndGlobalSection
	GlobalSection(ExtensibilityGlobals) = postSolution
		SolutionGuid = {B80C319E-ADC2-4897-ACA8-1A3467E5EC89}
	EndGlobalSection
EndGlobal
