
Microsoft Visual Studio Solution File, Format Version 12.00
# Visual Studio Version 17
VisualStudioVersion = 17.14.36310.24 d17.14
MinimumVisualStudioVersion = 10.0.40219.1
Project("{FAE04EC0-301F-11D3-BF4B-00C04F79EFBC}") = "writeafile2", "writeafile2.csproj", "{E27C3D78-396E-420A-9CAF-93CAF7046BEF}"
EndProject
Global
	GlobalSection(SolutionConfigurationPlatforms) = preSolution
		Debug|Any CPU = Debug|Any CPU
		Release|Any CPU = Release|Any CPU
	EndGlobalSection
	GlobalSection(ProjectConfigurationPlatforms) = postSolution
		{E27C3D78-396E-420A-9CAF-93CAF7046BEF}.Debug|Any CPU.ActiveCfg = Debug|Any CPU
		{E27C3D78-396E-420A-9CAF-93CAF7046BEF}.Debug|Any CPU.Build.0 = Debug|Any CPU
		{E27C3D78-396E-420A-9CAF-93CAF7046BEF}.Release|Any CPU.ActiveCfg = Release|Any CPU
		{E27C3D78-396E-420A-9CAF-93CAF7046BEF}.Release|Any CPU.Build.0 = Release|Any CPU
	EndGlobalSection
	GlobalSection(SolutionProperties) = preSolution
		HideSolutionNode = FALSE
	EndGlobalSection
	GlobalSection(ExtensibilityGlobals) = postSolution
		SolutionGuid = {EA50E7E9-E454-4A47-914F-433A7B176C45}
	EndGlobalSection
EndGlobal
