
Microsoft Visual Studio Solution File, Format Version 12.00
# Visual Studio Version 17
VisualStudioVersion = 17.14.36310.24 d17.14
MinimumVisualStudioVersion = 10.0.40219.1
Project("{FAE04EC0-301F-11D3-BF4B-00C04F79EFBC}") = "complex", "complex.csproj", "{10BDBF1C-D993-44A7-8CEB-51A49E248995}"
EndProject
Global
	GlobalSection(SolutionConfigurationPlatforms) = preSolution
		Debug|Any CPU = Debug|Any CPU
		Release|Any CPU = Release|Any CPU
	EndGlobalSection
	GlobalSection(ProjectConfigurationPlatforms) = postSolution
		{10BDBF1C-D993-44A7-8CEB-51A49E248995}.Debug|Any CPU.ActiveCfg = Debug|Any CPU
		{10BDBF1C-D993-44A7-8CEB-51A49E248995}.Debug|Any CPU.Build.0 = Debug|Any CPU
		{10BDBF1C-D993-44A7-8CEB-51A49E248995}.Release|Any CPU.ActiveCfg = Release|Any CPU
		{10BDBF1C-D993-44A7-8CEB-51A49E248995}.Release|Any CPU.Build.0 = Release|Any CPU
	EndGlobalSection
	GlobalSection(SolutionProperties) = preSolution
		HideSolutionNode = FALSE
	EndGlobalSection
	GlobalSection(ExtensibilityGlobals) = postSolution
		SolutionGuid = {36B07CA4-9A3D-40BF-B140-F281ED889DCA}
	EndGlobalSection
EndGlobal
